
Microsoft Visual Studio Solution File, Format Version 12.00
# Visual Studio Version 17
VisualStudioVersion = 17.2.32616.157
MinimumVisualStudioVersion = 10.0.40219.1
Project("{2150E333-8FDC-42A3-9474-1A3956D46DE8}") = "src", "src", "{798AFB02-F846-45C8-B374-9B3F15BD5B92}"
	ProjectSection(SolutionItems) = preProject
		.dockerignore = .dockerignore
		docker-compose.override.yml = docker-compose.override.yml
		docker-compose.yml = docker-compose.yml
	EndProjectSection
EndProject
Project("{9A19103F-16F7-4668-BE54-9A1E7A4F7556}") = "Receive", "Receive\Receive.csproj", "{77D1477E-B5EB-4F35-B222-10B9E8D51423}"
EndProject
Project("{9A19103F-16F7-4668-BE54-9A1E7A4F7556}") = "Send", "Send\Send.csproj", "{689FAFA7-AE10-479C-B32B-749DDA9FAF98}"
EndProject
Project("{2150E333-8FDC-42A3-9474-1A3956D46DE8}") = "HelloWorld", "HelloWorld", "{4B63138C-D0A2-4030-AB65-7CA365358C30}"
EndProject
Project("{2150E333-8FDC-42A3-9474-1A3956D46DE8}") = "Work Queues", "Work Queues", "{B73F0B6B-D510-45FE-905A-4DDBDDB42FE3}"
EndProject
Project("{FAE04EC0-301F-11D3-BF4B-00C04F79EFBC}") = "NewTask", "NewTask\NewTask.csproj", "{8787DD10-2B2A-433C-AF6F-4B7A69D164C9}"
EndProject
Project("{FAE04EC0-301F-11D3-BF4B-00C04F79EFBC}") = "Worker", "Worker\Worker.csproj", "{1ED47AFF-6D5A-4EE9-B205-EA269775F596}"
EndProject
Global
	GlobalSection(SolutionConfigurationPlatforms) = preSolution
		Debug|Any CPU = Debug|Any CPU
		Release|Any CPU = Release|Any CPU
	EndGlobalSection
	GlobalSection(ProjectConfigurationPlatforms) = postSolution
		{77D1477E-B5EB-4F35-B222-10B9E8D51423}.Debug|Any CPU.ActiveCfg = Debug|Any CPU
		{77D1477E-B5EB-4F35-B222-10B9E8D51423}.Debug|Any CPU.Build.0 = Debug|Any CPU
		{77D1477E-B5EB-4F35-B222-10B9E8D51423}.Release|Any CPU.ActiveCfg = Release|Any CPU
		{77D1477E-B5EB-4F35-B222-10B9E8D51423}.Release|Any CPU.Build.0 = Release|Any CPU
		{689FAFA7-AE10-479C-B32B-749DDA9FAF98}.Debug|Any CPU.ActiveCfg = Debug|Any CPU
		{689FAFA7-AE10-479C-B32B-749DDA9FAF98}.Debug|Any CPU.Build.0 = Debug|Any CPU
		{689FAFA7-AE10-479C-B32B-749DDA9FAF98}.Release|Any CPU.ActiveCfg = Release|Any CPU
		{689FAFA7-AE10-479C-B32B-749DDA9FAF98}.Release|Any CPU.Build.0 = Release|Any CPU
		{8787DD10-2B2A-433C-AF6F-4B7A69D164C9}.Debug|Any CPU.ActiveCfg = Debug|Any CPU
		{8787DD10-2B2A-433C-AF6F-4B7A69D164C9}.Debug|Any CPU.Build.0 = Debug|Any CPU
		{8787DD10-2B2A-433C-AF6F-4B7A69D164C9}.Release|Any CPU.ActiveCfg = Release|Any CPU
		{8787DD10-2B2A-433C-AF6F-4B7A69D164C9}.Release|Any CPU.Build.0 = Release|Any CPU
		{1ED47AFF-6D5A-4EE9-B205-EA269775F596}.Debug|Any CPU.ActiveCfg = Debug|Any CPU
		{1ED47AFF-6D5A-4EE9-B205-EA269775F596}.Debug|Any CPU.Build.0 = Debug|Any CPU
		{1ED47AFF-6D5A-4EE9-B205-EA269775F596}.Release|Any CPU.ActiveCfg = Release|Any CPU
		{1ED47AFF-6D5A-4EE9-B205-EA269775F596}.Release|Any CPU.Build.0 = Release|Any CPU
	EndGlobalSection
	GlobalSection(SolutionProperties) = preSolution
		HideSolutionNode = FALSE
	EndGlobalSection
	GlobalSection(NestedProjects) = preSolution
		{77D1477E-B5EB-4F35-B222-10B9E8D51423} = {4B63138C-D0A2-4030-AB65-7CA365358C30}
		{689FAFA7-AE10-479C-B32B-749DDA9FAF98} = {4B63138C-D0A2-4030-AB65-7CA365358C30}
		{4B63138C-D0A2-4030-AB65-7CA365358C30} = {798AFB02-F846-45C8-B374-9B3F15BD5B92}
		{B73F0B6B-D510-45FE-905A-4DDBDDB42FE3} = {798AFB02-F846-45C8-B374-9B3F15BD5B92}
		{8787DD10-2B2A-433C-AF6F-4B7A69D164C9} = {B73F0B6B-D510-45FE-905A-4DDBDDB42FE3}
		{1ED47AFF-6D5A-4EE9-B205-EA269775F596} = {B73F0B6B-D510-45FE-905A-4DDBDDB42FE3}
	EndGlobalSection
	GlobalSection(ExtensibilityGlobals) = postSolution
		SolutionGuid = {09FA2AA4-E79B-4617-861E-122DA40EAC7C}
	EndGlobalSection
EndGlobal
